
Microsoft Visual Studio Solution File, Format Version 12.00
# Visual Studio Version 17
VisualStudioVersion = 17.5.33424.131
MinimumVisualStudioVersion = 10.0.40219.1
Project("{2150E333-8FDC-42A3-9474-1A3956D46DE8}") = "Src", "Src", "{CEB523C5-9486-4D5D-9F1A-083D20C17C06}"
EndProject
Project("{2150E333-8FDC-42A3-9474-1A3956D46DE8}") = "Presentation", "Presentation", "{AC86E946-9930-41BE-B912-BB260A65828D}"
EndProject
Project("{2150E333-8FDC-42A3-9474-1A3956D46DE8}") = "Infrastructure", "Infrastructure", "{553E99C7-07B3-46A0-9FC2-0F4EDBF188E2}"
EndProject
Project("{FAE04EC0-301F-11D3-BF4B-00C04F79EFBC}") = "GestionInventario.Api", "Src\Presentation\GestionInventario.Api\GestionInventario.Api.csproj", "{FD9583CA-5E3A-43B9-86AB-FBB15339DB0B}"
EndProject
Project("{FAE04EC0-301F-11D3-BF4B-00C04F79EFBC}") = "DrivenAdapter.Sql", "Src\Infrastructure\DrivenAdapter.Sql\DrivenAdapter.Sql.csproj", "{5D30EFAE-B490-40A5-9FFD-48335DCF5B70}"
EndProject
Project("{FAE04EC0-301F-11D3-BF4B-00C04F79EFBC}") = "Core", "Src\Core\Core.csproj", "{C522BDB7-3127-4359-B714-864B9F87406E}"
EndProject
Project("{FAE04EC0-301F-11D3-BF4B-00C04F79EFBC}") = "Application", "Src\Application\Application.csproj", "{06005065-734E-4729-B02C-21631E3C41D3}"
EndProject
Global
	GlobalSection(SolutionConfigurationPlatforms) = preSolution
		Debug|Any CPU = Debug|Any CPU
		Release|Any CPU = Release|Any CPU
	EndGlobalSection
	GlobalSection(ProjectConfigurationPlatforms) = postSolution
		{FD9583CA-5E3A-43B9-86AB-FBB15339DB0B}.Debug|Any CPU.ActiveCfg = Debug|Any CPU
		{FD9583CA-5E3A-43B9-86AB-FBB15339DB0B}.Debug|Any CPU.Build.0 = Debug|Any CPU
		{FD9583CA-5E3A-43B9-86AB-FBB15339DB0B}.Release|Any CPU.ActiveCfg = Release|Any CPU
		{FD9583CA-5E3A-43B9-86AB-FBB15339DB0B}.Release|Any CPU.Build.0 = Release|Any CPU
		{5D30EFAE-B490-40A5-9FFD-48335DCF5B70}.Debug|Any CPU.ActiveCfg = Debug|Any CPU
		{5D30EFAE-B490-40A5-9FFD-48335DCF5B70}.Debug|Any CPU.Build.0 = Debug|Any CPU
		{5D30EFAE-B490-40A5-9FFD-48335DCF5B70}.Release|Any CPU.ActiveCfg = Release|Any CPU
		{5D30EFAE-B490-40A5-9FFD-48335DCF5B70}.Release|Any CPU.Build.0 = Release|Any CPU
		{C522BDB7-3127-4359-B714-864B9F87406E}.Debug|Any CPU.ActiveCfg = Debug|Any CPU
		{C522BDB7-3127-4359-B714-864B9F87406E}.Debug|Any CPU.Build.0 = Debug|Any CPU
		{C522BDB7-3127-4359-B714-864B9F87406E}.Release|Any CPU.ActiveCfg = Release|Any CPU
		{C522BDB7-3127-4359-B714-864B9F87406E}.Release|Any CPU.Build.0 = Release|Any CPU
		{06005065-734E-4729-B02C-21631E3C41D3}.Debug|Any CPU.ActiveCfg = Debug|Any CPU
		{06005065-734E-4729-B02C-21631E3C41D3}.Debug|Any CPU.Build.0 = Debug|Any CPU
		{06005065-734E-4729-B02C-21631E3C41D3}.Release|Any CPU.ActiveCfg = Release|Any CPU
		{06005065-734E-4729-B02C-21631E3C41D3}.Release|Any CPU.Build.0 = Release|Any CPU
	EndGlobalSection
	GlobalSection(SolutionProperties) = preSolution
		HideSolutionNode = FALSE
	EndGlobalSection
	GlobalSection(NestedProjects) = preSolution
		{AC86E946-9930-41BE-B912-BB260A65828D} = {CEB523C5-9486-4D5D-9F1A-083D20C17C06}
		{553E99C7-07B3-46A0-9FC2-0F4EDBF188E2} = {CEB523C5-9486-4D5D-9F1A-083D20C17C06}
		{FD9583CA-5E3A-43B9-86AB-FBB15339DB0B} = {AC86E946-9930-41BE-B912-BB260A65828D}
		{5D30EFAE-B490-40A5-9FFD-48335DCF5B70} = {553E99C7-07B3-46A0-9FC2-0F4EDBF188E2}
		{C522BDB7-3127-4359-B714-864B9F87406E} = {CEB523C5-9486-4D5D-9F1A-083D20C17C06}
		{06005065-734E-4729-B02C-21631E3C41D3} = {CEB523C5-9486-4D5D-9F1A-083D20C17C06}
	EndGlobalSection
	GlobalSection(ExtensibilityGlobals) = postSolution
		SolutionGuid = {AD2BD6B2-24E6-4118-8516-FFCAB2EBDFBA}
	EndGlobalSection
EndGlobal
